
Microsoft Visual Studio Solution File, Format Version 12.00
# Visual Studio Version 17
VisualStudioVersion = 17.5.33516.290
MinimumVisualStudioVersion = 10.0.40219.1
Project("{FAE04EC0-301F-11D3-BF4B-00C04F79EFBC}") = "ProductApp", "ProductApp.csproj", "{7950087F-F6D5-4A2B-AD60-AD98A80823EC}"
EndProject
Project("{FAE04EC0-301F-11D3-BF4B-00C04F79EFBC}") = "Data2", "..\Data2\Data2.csproj", "{66C301EB-E0E5-4288-A819-789B47C56769}"
EndProject
Project("{FAE04EC0-301F-11D3-BF4B-00C04F79EFBC}") = "Business", "..\Business\Business.csproj", "{4A234E7A-0EAE-43B5-A480-7874C8D1D0DD}"
EndProject
Global
	GlobalSection(SolutionConfigurationPlatforms) = preSolution
		Debug|Any CPU = Debug|Any CPU
		Release|Any CPU = Release|Any CPU
	EndGlobalSection
	GlobalSection(ProjectConfigurationPlatforms) = postSolution
		{7950087F-F6D5-4A2B-AD60-AD98A80823EC}.Debug|Any CPU.ActiveCfg = Debug|Any CPU
		{7950087F-F6D5-4A2B-AD60-AD98A80823EC}.Debug|Any CPU.Build.0 = Debug|Any CPU
		{7950087F-F6D5-4A2B-AD60-AD98A80823EC}.Release|Any CPU.ActiveCfg = Release|Any CPU
		{7950087F-F6D5-4A2B-AD60-AD98A80823EC}.Release|Any CPU.Build.0 = Release|Any CPU
		{66C301EB-E0E5-4288-A819-789B47C56769}.Debug|Any CPU.ActiveCfg = Debug|Any CPU
		{66C301EB-E0E5-4288-A819-789B47C56769}.Debug|Any CPU.Build.0 = Debug|Any CPU
		{66C301EB-E0E5-4288-A819-789B47C56769}.Release|Any CPU.ActiveCfg = Release|Any CPU
		{66C301EB-E0E5-4288-A819-789B47C56769}.Release|Any CPU.Build.0 = Release|Any CPU
		{4A234E7A-0EAE-43B5-A480-7874C8D1D0DD}.Debug|Any CPU.ActiveCfg = Debug|Any CPU
		{4A234E7A-0EAE-43B5-A480-7874C8D1D0DD}.Debug|Any CPU.Build.0 = Debug|Any CPU
		{4A234E7A-0EAE-43B5-A480-7874C8D1D0DD}.Release|Any CPU.ActiveCfg = Release|Any CPU
		{4A234E7A-0EAE-43B5-A480-7874C8D1D0DD}.Release|Any CPU.Build.0 = Release|Any CPU
	EndGlobalSection
	GlobalSection(SolutionProperties) = preSolution
		HideSolutionNode = FALSE
	EndGlobalSection
	GlobalSection(ExtensibilityGlobals) = postSolution
		SolutionGuid = {09227730-22B2-4880-9262-9EC6B9108801}
	EndGlobalSection
EndGlobal
